
Microsoft Visual Studio Solution File, Format Version 12.00
# Visual Studio 15
<<<<<<< HEAD
Project("{FAE04EC0-301F-11D3-BF4B-00C04F79EFBC}") = "UnityEngine.TestRunner", "UnityEngine.TestRunner.csproj", "{DBD60381-1AA3-BC81-471F-4666E7BFDFE6}"
EndProject
Project("{FAE04EC0-301F-11D3-BF4B-00C04F79EFBC}") = "Unity.Mathematics", "Unity.Mathematics.csproj", "{CB9CA359-861F-6822-317A-C9C377B00EBD}"
EndProject
Project("{FAE04EC0-301F-11D3-BF4B-00C04F79EFBC}") = "Unity.InputSystem", "Unity.InputSystem.csproj", "{35677C90-5F08-3B74-4400-C6DEA64CFC4F}"
EndProject
Project("{FAE04EC0-301F-11D3-BF4B-00C04F79EFBC}") = "Unity.Timeline", "Unity.Timeline.csproj", "{01E6F2DD-071D-01AB-A44A-000315BE1D6C}"
EndProject
Project("{FAE04EC0-301F-11D3-BF4B-00C04F79EFBC}") = "Unity.TextMeshPro", "Unity.TextMeshPro.csproj", "{B0DA2E2C-A907-FB80-AC71-7E4DEE08254F}"
EndProject
Project("{FAE04EC0-301F-11D3-BF4B-00C04F79EFBC}") = "Unity.2D.Animation.Runtime", "Unity.2D.Animation.Runtime.csproj", "{E5B93FC6-135F-80C7-C902-C9010BB19196}"
EndProject
Project("{FAE04EC0-301F-11D3-BF4B-00C04F79EFBC}") = "Assembly-CSharp", "Assembly-CSharp.csproj", "{0D1D7A64-736B-98C1-933E-12AFDF57681B}"
EndProject
Project("{FAE04EC0-301F-11D3-BF4B-00C04F79EFBC}") = "Unity.2D.IK.Runtime", "Unity.2D.IK.Runtime.csproj", "{962A62F7-9E03-0BAC-FAFC-30F61360CBC3}"
EndProject
Project("{FAE04EC0-301F-11D3-BF4B-00C04F79EFBC}") = "Unity.2D.SpriteShape.Runtime", "Unity.2D.SpriteShape.Runtime.csproj", "{80B915AC-3618-C85D-1D64-5445EF864281}"
EndProject
Project("{FAE04EC0-301F-11D3-BF4B-00C04F79EFBC}") = "Unity.2D.PixelPerfect", "Unity.2D.PixelPerfect.csproj", "{636A2022-0ED4-ECC0-3475-EC972566F77E}"
EndProject
Project("{FAE04EC0-301F-11D3-BF4B-00C04F79EFBC}") = "Unity.InputSystem.TestFramework", "Unity.InputSystem.TestFramework.csproj", "{E4560508-87F8-175F-37F7-5053BD2B10F4}"
EndProject
Project("{FAE04EC0-301F-11D3-BF4B-00C04F79EFBC}") = "Unity.2D.Common.Runtime", "Unity.2D.Common.Runtime.csproj", "{20E5BDF1-C180-37A4-7373-2B4B45DD0DE5}"
EndProject
Project("{FAE04EC0-301F-11D3-BF4B-00C04F79EFBC}") = "Unity.InternalAPIEngineBridge.001", "Unity.InternalAPIEngineBridge.001.csproj", "{B87C3F97-A590-360D-8169-9195175F1375}"
EndProject
Project("{FAE04EC0-301F-11D3-BF4B-00C04F79EFBC}") = "Unity.Timeline.Editor", "Unity.Timeline.Editor.csproj", "{43333343-811B-3804-7AC9-0C3DCCF71D61}"
EndProject
Project("{FAE04EC0-301F-11D3-BF4B-00C04F79EFBC}") = "Unity.TextMeshPro.Editor", "Unity.TextMeshPro.Editor.csproj", "{DE449486-1A45-7345-B1D4-3FB088650033}"
EndProject
Project("{FAE04EC0-301F-11D3-BF4B-00C04F79EFBC}") = "UnityEditor.TestRunner", "UnityEditor.TestRunner.csproj", "{7237365E-053C-BA93-19E1-34ED6F619A90}"
EndProject
Project("{FAE04EC0-301F-11D3-BF4B-00C04F79EFBC}") = "Unity.PlasticSCM.Editor", "Unity.PlasticSCM.Editor.csproj", "{68EFB1A8-2E83-AB5B-D8CA-3E077240198F}"
EndProject
Project("{FAE04EC0-301F-11D3-BF4B-00C04F79EFBC}") = "Unity.VisualStudio.Editor", "Unity.VisualStudio.Editor.csproj", "{81E31C86-0B9D-E490-BFD1-964A80CF1F2B}"
EndProject
Project("{FAE04EC0-301F-11D3-BF4B-00C04F79EFBC}") = "Unity.2D.Animation.Triangle.Editor", "Unity.2D.Animation.Triangle.Editor.csproj", "{12B9E163-B636-4235-037B-95FDB5E9BC4B}"
EndProject
Project("{FAE04EC0-301F-11D3-BF4B-00C04F79EFBC}") = "Unity.2D.Psdimporter.Editor", "Unity.2D.Psdimporter.Editor.csproj", "{5EA20E8C-E545-9EAA-A30E-56AED2850F98}"
EndProject
Project("{FAE04EC0-301F-11D3-BF4B-00C04F79EFBC}") = "Unity.2D.Animation.Editor", "Unity.2D.Animation.Editor.csproj", "{029726C3-A171-ACA4-2FA5-BD1398272A79}"
EndProject
Project("{FAE04EC0-301F-11D3-BF4B-00C04F79EFBC}") = "Unity.2D.SpriteShape.Editor", "Unity.2D.SpriteShape.Editor.csproj", "{649F13C0-1944-D05E-D3B9-D352EB88B78A}"
EndProject
Project("{FAE04EC0-301F-11D3-BF4B-00C04F79EFBC}") = "PsdPlugin", "PsdPlugin.csproj", "{FB55BF31-9B79-F9AF-4CB1-BCCCEF9C74DF}"
EndProject
Project("{FAE04EC0-301F-11D3-BF4B-00C04F79EFBC}") = "Unity.2D.Path.Editor", "Unity.2D.Path.Editor.csproj", "{5161637B-06E1-1BB3-6876-D10E2FA2B8F3}"
EndProject
Project("{FAE04EC0-301F-11D3-BF4B-00C04F79EFBC}") = "Unity.Rider.Editor", "Unity.Rider.Editor.csproj", "{E78B6053-C46F-39B1-CDBA-2A77AF1DA833}"
EndProject
Project("{FAE04EC0-301F-11D3-BF4B-00C04F79EFBC}") = "Unity.2D.IK.Editor", "Unity.2D.IK.Editor.csproj", "{E0345029-E675-4820-1AC4-B41C50934E8F}"
EndProject
Project("{FAE04EC0-301F-11D3-BF4B-00C04F79EFBC}") = "Unity.2D.PixelPerfect.Editor", "Unity.2D.PixelPerfect.Editor.csproj", "{2F4BA664-CD58-6EDF-1786-A693D4C8DDAF}"
EndProject
Project("{FAE04EC0-301F-11D3-BF4B-00C04F79EFBC}") = "Unity.VSCode.Editor", "Unity.VSCode.Editor.csproj", "{14C4C445-7D7F-BB2E-F1B6-26C6A609EECC}"
EndProject
Project("{FAE04EC0-301F-11D3-BF4B-00C04F79EFBC}") = "Unity.2D.Common.Editor", "Unity.2D.Common.Editor.csproj", "{C27A90DA-D5BB-D8A9-0C3A-3A9AB221BC18}"
EndProject
Project("{FAE04EC0-301F-11D3-BF4B-00C04F79EFBC}") = "Unity.Mathematics.Editor", "Unity.Mathematics.Editor.csproj", "{09DA028A-BDDC-B3FE-D0E1-11BD2113C019}"
EndProject
Project("{FAE04EC0-301F-11D3-BF4B-00C04F79EFBC}") = "Unity.CollabProxy.Editor", "Unity.CollabProxy.Editor.csproj", "{C6F18D29-D425-B1A6-AF38-B65E45210470}"
EndProject
Project("{FAE04EC0-301F-11D3-BF4B-00C04F79EFBC}") = "Unity.InternalAPIEditorBridge.001", "Unity.InternalAPIEditorBridge.001.csproj", "{06FBB423-FF7A-7B34-B1F1-1FAFEBD78294}"
=======
Project("{FAE04EC0-301F-11D3-BF4B-00C04F79EFBC}") = "Assembly-CSharp", "Assembly-CSharp.csproj", "{53B947F8-4C1D-3AE3-8D6A-3146C5D621F3}"
>>>>>>> 8755c7185f720bf41c2af509d23568a556f919ec
EndProject
Global
	GlobalSection(SolutionConfigurationPlatforms) = preSolution
		Debug|Any CPU = Debug|Any CPU
		Release|Any CPU = Release|Any CPU
	EndGlobalSection
	GlobalSection(ProjectConfigurationPlatforms) = postSolution
<<<<<<< HEAD
		{DBD60381-1AA3-BC81-471F-4666E7BFDFE6}.Debug|Any CPU.ActiveCfg = Debug|Any CPU
		{DBD60381-1AA3-BC81-471F-4666E7BFDFE6}.Debug|Any CPU.Build.0 = Debug|Any CPU
		{DBD60381-1AA3-BC81-471F-4666E7BFDFE6}.Release|Any CPU.ActiveCfg = Release|Any CPU
		{DBD60381-1AA3-BC81-471F-4666E7BFDFE6}.Release|Any CPU.Build.0 = Release|Any CPU
		{CB9CA359-861F-6822-317A-C9C377B00EBD}.Debug|Any CPU.ActiveCfg = Debug|Any CPU
		{CB9CA359-861F-6822-317A-C9C377B00EBD}.Debug|Any CPU.Build.0 = Debug|Any CPU
		{CB9CA359-861F-6822-317A-C9C377B00EBD}.Release|Any CPU.ActiveCfg = Release|Any CPU
		{CB9CA359-861F-6822-317A-C9C377B00EBD}.Release|Any CPU.Build.0 = Release|Any CPU
		{35677C90-5F08-3B74-4400-C6DEA64CFC4F}.Debug|Any CPU.ActiveCfg = Debug|Any CPU
		{35677C90-5F08-3B74-4400-C6DEA64CFC4F}.Debug|Any CPU.Build.0 = Debug|Any CPU
		{35677C90-5F08-3B74-4400-C6DEA64CFC4F}.Release|Any CPU.ActiveCfg = Release|Any CPU
		{35677C90-5F08-3B74-4400-C6DEA64CFC4F}.Release|Any CPU.Build.0 = Release|Any CPU
		{01E6F2DD-071D-01AB-A44A-000315BE1D6C}.Debug|Any CPU.ActiveCfg = Debug|Any CPU
		{01E6F2DD-071D-01AB-A44A-000315BE1D6C}.Debug|Any CPU.Build.0 = Debug|Any CPU
		{01E6F2DD-071D-01AB-A44A-000315BE1D6C}.Release|Any CPU.ActiveCfg = Release|Any CPU
		{01E6F2DD-071D-01AB-A44A-000315BE1D6C}.Release|Any CPU.Build.0 = Release|Any CPU
		{B0DA2E2C-A907-FB80-AC71-7E4DEE08254F}.Debug|Any CPU.ActiveCfg = Debug|Any CPU
		{B0DA2E2C-A907-FB80-AC71-7E4DEE08254F}.Debug|Any CPU.Build.0 = Debug|Any CPU
		{B0DA2E2C-A907-FB80-AC71-7E4DEE08254F}.Release|Any CPU.ActiveCfg = Release|Any CPU
		{B0DA2E2C-A907-FB80-AC71-7E4DEE08254F}.Release|Any CPU.Build.0 = Release|Any CPU
		{E5B93FC6-135F-80C7-C902-C9010BB19196}.Debug|Any CPU.ActiveCfg = Debug|Any CPU
		{E5B93FC6-135F-80C7-C902-C9010BB19196}.Debug|Any CPU.Build.0 = Debug|Any CPU
		{E5B93FC6-135F-80C7-C902-C9010BB19196}.Release|Any CPU.ActiveCfg = Release|Any CPU
		{E5B93FC6-135F-80C7-C902-C9010BB19196}.Release|Any CPU.Build.0 = Release|Any CPU
		{0D1D7A64-736B-98C1-933E-12AFDF57681B}.Debug|Any CPU.ActiveCfg = Debug|Any CPU
		{0D1D7A64-736B-98C1-933E-12AFDF57681B}.Debug|Any CPU.Build.0 = Debug|Any CPU
		{0D1D7A64-736B-98C1-933E-12AFDF57681B}.Release|Any CPU.ActiveCfg = Release|Any CPU
		{0D1D7A64-736B-98C1-933E-12AFDF57681B}.Release|Any CPU.Build.0 = Release|Any CPU
		{962A62F7-9E03-0BAC-FAFC-30F61360CBC3}.Debug|Any CPU.ActiveCfg = Debug|Any CPU
		{962A62F7-9E03-0BAC-FAFC-30F61360CBC3}.Debug|Any CPU.Build.0 = Debug|Any CPU
		{962A62F7-9E03-0BAC-FAFC-30F61360CBC3}.Release|Any CPU.ActiveCfg = Release|Any CPU
		{962A62F7-9E03-0BAC-FAFC-30F61360CBC3}.Release|Any CPU.Build.0 = Release|Any CPU
		{80B915AC-3618-C85D-1D64-5445EF864281}.Debug|Any CPU.ActiveCfg = Debug|Any CPU
		{80B915AC-3618-C85D-1D64-5445EF864281}.Debug|Any CPU.Build.0 = Debug|Any CPU
		{80B915AC-3618-C85D-1D64-5445EF864281}.Release|Any CPU.ActiveCfg = Release|Any CPU
		{80B915AC-3618-C85D-1D64-5445EF864281}.Release|Any CPU.Build.0 = Release|Any CPU
		{636A2022-0ED4-ECC0-3475-EC972566F77E}.Debug|Any CPU.ActiveCfg = Debug|Any CPU
		{636A2022-0ED4-ECC0-3475-EC972566F77E}.Debug|Any CPU.Build.0 = Debug|Any CPU
		{636A2022-0ED4-ECC0-3475-EC972566F77E}.Release|Any CPU.ActiveCfg = Release|Any CPU
		{636A2022-0ED4-ECC0-3475-EC972566F77E}.Release|Any CPU.Build.0 = Release|Any CPU
		{E4560508-87F8-175F-37F7-5053BD2B10F4}.Debug|Any CPU.ActiveCfg = Debug|Any CPU
		{E4560508-87F8-175F-37F7-5053BD2B10F4}.Debug|Any CPU.Build.0 = Debug|Any CPU
		{E4560508-87F8-175F-37F7-5053BD2B10F4}.Release|Any CPU.ActiveCfg = Release|Any CPU
		{E4560508-87F8-175F-37F7-5053BD2B10F4}.Release|Any CPU.Build.0 = Release|Any CPU
		{20E5BDF1-C180-37A4-7373-2B4B45DD0DE5}.Debug|Any CPU.ActiveCfg = Debug|Any CPU
		{20E5BDF1-C180-37A4-7373-2B4B45DD0DE5}.Debug|Any CPU.Build.0 = Debug|Any CPU
		{20E5BDF1-C180-37A4-7373-2B4B45DD0DE5}.Release|Any CPU.ActiveCfg = Release|Any CPU
		{20E5BDF1-C180-37A4-7373-2B4B45DD0DE5}.Release|Any CPU.Build.0 = Release|Any CPU
		{B87C3F97-A590-360D-8169-9195175F1375}.Debug|Any CPU.ActiveCfg = Debug|Any CPU
		{B87C3F97-A590-360D-8169-9195175F1375}.Debug|Any CPU.Build.0 = Debug|Any CPU
		{B87C3F97-A590-360D-8169-9195175F1375}.Release|Any CPU.ActiveCfg = Release|Any CPU
		{B87C3F97-A590-360D-8169-9195175F1375}.Release|Any CPU.Build.0 = Release|Any CPU
		{43333343-811B-3804-7AC9-0C3DCCF71D61}.Debug|Any CPU.ActiveCfg = Debug|Any CPU
		{43333343-811B-3804-7AC9-0C3DCCF71D61}.Debug|Any CPU.Build.0 = Debug|Any CPU
		{43333343-811B-3804-7AC9-0C3DCCF71D61}.Release|Any CPU.ActiveCfg = Release|Any CPU
		{43333343-811B-3804-7AC9-0C3DCCF71D61}.Release|Any CPU.Build.0 = Release|Any CPU
		{DE449486-1A45-7345-B1D4-3FB088650033}.Debug|Any CPU.ActiveCfg = Debug|Any CPU
		{DE449486-1A45-7345-B1D4-3FB088650033}.Debug|Any CPU.Build.0 = Debug|Any CPU
		{DE449486-1A45-7345-B1D4-3FB088650033}.Release|Any CPU.ActiveCfg = Release|Any CPU
		{DE449486-1A45-7345-B1D4-3FB088650033}.Release|Any CPU.Build.0 = Release|Any CPU
		{7237365E-053C-BA93-19E1-34ED6F619A90}.Debug|Any CPU.ActiveCfg = Debug|Any CPU
		{7237365E-053C-BA93-19E1-34ED6F619A90}.Debug|Any CPU.Build.0 = Debug|Any CPU
		{7237365E-053C-BA93-19E1-34ED6F619A90}.Release|Any CPU.ActiveCfg = Release|Any CPU
		{7237365E-053C-BA93-19E1-34ED6F619A90}.Release|Any CPU.Build.0 = Release|Any CPU
		{68EFB1A8-2E83-AB5B-D8CA-3E077240198F}.Debug|Any CPU.ActiveCfg = Debug|Any CPU
		{68EFB1A8-2E83-AB5B-D8CA-3E077240198F}.Debug|Any CPU.Build.0 = Debug|Any CPU
		{68EFB1A8-2E83-AB5B-D8CA-3E077240198F}.Release|Any CPU.ActiveCfg = Release|Any CPU
		{68EFB1A8-2E83-AB5B-D8CA-3E077240198F}.Release|Any CPU.Build.0 = Release|Any CPU
		{81E31C86-0B9D-E490-BFD1-964A80CF1F2B}.Debug|Any CPU.ActiveCfg = Debug|Any CPU
		{81E31C86-0B9D-E490-BFD1-964A80CF1F2B}.Debug|Any CPU.Build.0 = Debug|Any CPU
		{81E31C86-0B9D-E490-BFD1-964A80CF1F2B}.Release|Any CPU.ActiveCfg = Release|Any CPU
		{81E31C86-0B9D-E490-BFD1-964A80CF1F2B}.Release|Any CPU.Build.0 = Release|Any CPU
		{12B9E163-B636-4235-037B-95FDB5E9BC4B}.Debug|Any CPU.ActiveCfg = Debug|Any CPU
		{12B9E163-B636-4235-037B-95FDB5E9BC4B}.Debug|Any CPU.Build.0 = Debug|Any CPU
		{12B9E163-B636-4235-037B-95FDB5E9BC4B}.Release|Any CPU.ActiveCfg = Release|Any CPU
		{12B9E163-B636-4235-037B-95FDB5E9BC4B}.Release|Any CPU.Build.0 = Release|Any CPU
		{5EA20E8C-E545-9EAA-A30E-56AED2850F98}.Debug|Any CPU.ActiveCfg = Debug|Any CPU
		{5EA20E8C-E545-9EAA-A30E-56AED2850F98}.Debug|Any CPU.Build.0 = Debug|Any CPU
		{5EA20E8C-E545-9EAA-A30E-56AED2850F98}.Release|Any CPU.ActiveCfg = Release|Any CPU
		{5EA20E8C-E545-9EAA-A30E-56AED2850F98}.Release|Any CPU.Build.0 = Release|Any CPU
		{029726C3-A171-ACA4-2FA5-BD1398272A79}.Debug|Any CPU.ActiveCfg = Debug|Any CPU
		{029726C3-A171-ACA4-2FA5-BD1398272A79}.Debug|Any CPU.Build.0 = Debug|Any CPU
		{029726C3-A171-ACA4-2FA5-BD1398272A79}.Release|Any CPU.ActiveCfg = Release|Any CPU
		{029726C3-A171-ACA4-2FA5-BD1398272A79}.Release|Any CPU.Build.0 = Release|Any CPU
		{649F13C0-1944-D05E-D3B9-D352EB88B78A}.Debug|Any CPU.ActiveCfg = Debug|Any CPU
		{649F13C0-1944-D05E-D3B9-D352EB88B78A}.Debug|Any CPU.Build.0 = Debug|Any CPU
		{649F13C0-1944-D05E-D3B9-D352EB88B78A}.Release|Any CPU.ActiveCfg = Release|Any CPU
		{649F13C0-1944-D05E-D3B9-D352EB88B78A}.Release|Any CPU.Build.0 = Release|Any CPU
		{FB55BF31-9B79-F9AF-4CB1-BCCCEF9C74DF}.Debug|Any CPU.ActiveCfg = Debug|Any CPU
		{FB55BF31-9B79-F9AF-4CB1-BCCCEF9C74DF}.Debug|Any CPU.Build.0 = Debug|Any CPU
		{FB55BF31-9B79-F9AF-4CB1-BCCCEF9C74DF}.Release|Any CPU.ActiveCfg = Release|Any CPU
		{FB55BF31-9B79-F9AF-4CB1-BCCCEF9C74DF}.Release|Any CPU.Build.0 = Release|Any CPU
		{5161637B-06E1-1BB3-6876-D10E2FA2B8F3}.Debug|Any CPU.ActiveCfg = Debug|Any CPU
		{5161637B-06E1-1BB3-6876-D10E2FA2B8F3}.Debug|Any CPU.Build.0 = Debug|Any CPU
		{5161637B-06E1-1BB3-6876-D10E2FA2B8F3}.Release|Any CPU.ActiveCfg = Release|Any CPU
		{5161637B-06E1-1BB3-6876-D10E2FA2B8F3}.Release|Any CPU.Build.0 = Release|Any CPU
		{E78B6053-C46F-39B1-CDBA-2A77AF1DA833}.Debug|Any CPU.ActiveCfg = Debug|Any CPU
		{E78B6053-C46F-39B1-CDBA-2A77AF1DA833}.Debug|Any CPU.Build.0 = Debug|Any CPU
		{E78B6053-C46F-39B1-CDBA-2A77AF1DA833}.Release|Any CPU.ActiveCfg = Release|Any CPU
		{E78B6053-C46F-39B1-CDBA-2A77AF1DA833}.Release|Any CPU.Build.0 = Release|Any CPU
		{E0345029-E675-4820-1AC4-B41C50934E8F}.Debug|Any CPU.ActiveCfg = Debug|Any CPU
		{E0345029-E675-4820-1AC4-B41C50934E8F}.Debug|Any CPU.Build.0 = Debug|Any CPU
		{E0345029-E675-4820-1AC4-B41C50934E8F}.Release|Any CPU.ActiveCfg = Release|Any CPU
		{E0345029-E675-4820-1AC4-B41C50934E8F}.Release|Any CPU.Build.0 = Release|Any CPU
		{2F4BA664-CD58-6EDF-1786-A693D4C8DDAF}.Debug|Any CPU.ActiveCfg = Debug|Any CPU
		{2F4BA664-CD58-6EDF-1786-A693D4C8DDAF}.Debug|Any CPU.Build.0 = Debug|Any CPU
		{2F4BA664-CD58-6EDF-1786-A693D4C8DDAF}.Release|Any CPU.ActiveCfg = Release|Any CPU
		{2F4BA664-CD58-6EDF-1786-A693D4C8DDAF}.Release|Any CPU.Build.0 = Release|Any CPU
		{14C4C445-7D7F-BB2E-F1B6-26C6A609EECC}.Debug|Any CPU.ActiveCfg = Debug|Any CPU
		{14C4C445-7D7F-BB2E-F1B6-26C6A609EECC}.Debug|Any CPU.Build.0 = Debug|Any CPU
		{14C4C445-7D7F-BB2E-F1B6-26C6A609EECC}.Release|Any CPU.ActiveCfg = Release|Any CPU
		{14C4C445-7D7F-BB2E-F1B6-26C6A609EECC}.Release|Any CPU.Build.0 = Release|Any CPU
		{C27A90DA-D5BB-D8A9-0C3A-3A9AB221BC18}.Debug|Any CPU.ActiveCfg = Debug|Any CPU
		{C27A90DA-D5BB-D8A9-0C3A-3A9AB221BC18}.Debug|Any CPU.Build.0 = Debug|Any CPU
		{C27A90DA-D5BB-D8A9-0C3A-3A9AB221BC18}.Release|Any CPU.ActiveCfg = Release|Any CPU
		{C27A90DA-D5BB-D8A9-0C3A-3A9AB221BC18}.Release|Any CPU.Build.0 = Release|Any CPU
		{09DA028A-BDDC-B3FE-D0E1-11BD2113C019}.Debug|Any CPU.ActiveCfg = Debug|Any CPU
		{09DA028A-BDDC-B3FE-D0E1-11BD2113C019}.Debug|Any CPU.Build.0 = Debug|Any CPU
		{09DA028A-BDDC-B3FE-D0E1-11BD2113C019}.Release|Any CPU.ActiveCfg = Release|Any CPU
		{09DA028A-BDDC-B3FE-D0E1-11BD2113C019}.Release|Any CPU.Build.0 = Release|Any CPU
		{C6F18D29-D425-B1A6-AF38-B65E45210470}.Debug|Any CPU.ActiveCfg = Debug|Any CPU
		{C6F18D29-D425-B1A6-AF38-B65E45210470}.Debug|Any CPU.Build.0 = Debug|Any CPU
		{C6F18D29-D425-B1A6-AF38-B65E45210470}.Release|Any CPU.ActiveCfg = Release|Any CPU
		{C6F18D29-D425-B1A6-AF38-B65E45210470}.Release|Any CPU.Build.0 = Release|Any CPU
		{06FBB423-FF7A-7B34-B1F1-1FAFEBD78294}.Debug|Any CPU.ActiveCfg = Debug|Any CPU
		{06FBB423-FF7A-7B34-B1F1-1FAFEBD78294}.Debug|Any CPU.Build.0 = Debug|Any CPU
		{06FBB423-FF7A-7B34-B1F1-1FAFEBD78294}.Release|Any CPU.ActiveCfg = Release|Any CPU
		{06FBB423-FF7A-7B34-B1F1-1FAFEBD78294}.Release|Any CPU.Build.0 = Release|Any CPU
=======
		{53B947F8-4C1D-3AE3-8D6A-3146C5D621F3}.Debug|Any CPU.ActiveCfg = Debug|Any CPU
		{53B947F8-4C1D-3AE3-8D6A-3146C5D621F3}.Debug|Any CPU.Build.0 = Debug|Any CPU
		{53B947F8-4C1D-3AE3-8D6A-3146C5D621F3}.Release|Any CPU.ActiveCfg = Release|Any CPU
		{53B947F8-4C1D-3AE3-8D6A-3146C5D621F3}.Release|Any CPU.Build.0 = Release|Any CPU
>>>>>>> 8755c7185f720bf41c2af509d23568a556f919ec
	EndGlobalSection
	GlobalSection(SolutionProperties) = preSolution
		HideSolutionNode = FALSE
	EndGlobalSection
EndGlobal
